
Microsoft Visual Studio Solution File, Format Version 12.00
# Visual Studio Version 17
VisualStudioVersion = 17.9.34622.214
MinimumVisualStudioVersion = 10.0.40219.1
Project("{FAE04EC0-301F-11D3-BF4B-00C04F79EFBC}") = "Listado-Compras", "Listado-Compras\Listado-Compras.csproj", "{FBC8713E-8E35-4BD5-AFF1-4127EAAB9CAA}"
EndProject
Global
	GlobalSection(SolutionConfigurationPlatforms) = preSolution
		Debug|Any CPU = Debug|Any CPU
		Release|Any CPU = Release|Any CPU
	EndGlobalSection
	GlobalSection(ProjectConfigurationPlatforms) = postSolution
		{FBC8713E-8E35-4BD5-AFF1-4127EAAB9CAA}.Debug|Any CPU.ActiveCfg = Debug|Any CPU
		{FBC8713E-8E35-4BD5-AFF1-4127EAAB9CAA}.Debug|Any CPU.Build.0 = Debug|Any CPU
		{FBC8713E-8E35-4BD5-AFF1-4127EAAB9CAA}.Release|Any CPU.ActiveCfg = Release|Any CPU
		{FBC8713E-8E35-4BD5-AFF1-4127EAAB9CAA}.Release|Any CPU.Build.0 = Release|Any CPU
	EndGlobalSection
	GlobalSection(SolutionProperties) = preSolution
		HideSolutionNode = FALSE
	EndGlobalSection
	GlobalSection(ExtensibilityGlobals) = postSolution
		SolutionGuid = {865AE326-E62F-494E-A205-1E590AFB9D98}
	EndGlobalSection
EndGlobal
